
Microsoft Visual Studio Solution File, Format Version 12.00
# Visual Studio 14
VisualStudioVersion = 14.0.25420.1
MinimumVisualStudioVersion = 10.0.40219.1
Project("{FAE04EC0-301F-11D3-BF4B-00C04F79EFBC}") = "Cyotek.Drawing.PaletteFormat.RgbTriplets18", "src\Cyotek.Drawing.PaletteFormat.RgbTriplets18.csproj", "{9E1CAAFF-DFBB-4870-8E17-FC66D06F220A}"
EndProject
Project("{FAE04EC0-301F-11D3-BF4B-00C04F79EFBC}") = "Cyotek.Drawing.PaletteFormat.RgbTriplets18.Tests", "tests\Cyotek.Drawing.PaletteFormat.RgbTriplets18.Tests.csproj", "{3C38D7CB-B9B3-4B39-988E-FB72E7023054}"
EndProject
Global
	GlobalSection(SolutionConfigurationPlatforms) = preSolution
		Debug|Any CPU = Debug|Any CPU
		Release|Any CPU = Release|Any CPU
	EndGlobalSection
	GlobalSection(ProjectConfigurationPlatforms) = postSolution
		{9E1CAAFF-DFBB-4870-8E17-FC66D06F220A}.Debug|Any CPU.ActiveCfg = Debug|Any CPU
		{9E1CAAFF-DFBB-4870-8E17-FC66D06F220A}.Debug|Any CPU.Build.0 = Debug|Any CPU
		{9E1CAAFF-DFBB-4870-8E17-FC66D06F220A}.Release|Any CPU.ActiveCfg = Release|Any CPU
		{9E1CAAFF-DFBB-4870-8E17-FC66D06F220A}.Release|Any CPU.Build.0 = Release|Any CPU
		{3C38D7CB-B9B3-4B39-988E-FB72E7023054}.Debug|Any CPU.ActiveCfg = Debug|Any CPU
		{3C38D7CB-B9B3-4B39-988E-FB72E7023054}.Debug|Any CPU.Build.0 = Debug|Any CPU
		{3C38D7CB-B9B3-4B39-988E-FB72E7023054}.Release|Any CPU.ActiveCfg = Release|Any CPU
		{3C38D7CB-B9B3-4B39-988E-FB72E7023054}.Release|Any CPU.Build.0 = Release|Any CPU
	EndGlobalSection
	GlobalSection(SolutionProperties) = preSolution
		HideSolutionNode = FALSE
	EndGlobalSection
EndGlobal
